
Microsoft Visual Studio Solution File, Format Version 12.00
# Visual Studio 15
VisualStudioVersion = 15.0.28010.2048
MinimumVisualStudioVersion = 10.0.40219.1
Project("{FAE04EC0-301F-11D3-BF4B-00C04F79EFBC}") = "GA", "GA\GA.csproj", "{2E909A03-1049-4ED8-9B8B-6DC16E98A99B}"
EndProject
Global
	GlobalSection(SolutionConfigurationPlatforms) = preSolution
		Debug|Any CPU = Debug|Any CPU
		Release|Any CPU = Release|Any CPU
	EndGlobalSection
	GlobalSection(ProjectConfigurationPlatforms) = postSolution
		{2E909A03-1049-4ED8-9B8B-6DC16E98A99B}.Debug|Any CPU.ActiveCfg = Debug|Any CPU
		{2E909A03-1049-4ED8-9B8B-6DC16E98A99B}.Debug|Any CPU.Build.0 = Debug|Any CPU
		{2E909A03-1049-4ED8-9B8B-6DC16E98A99B}.Release|Any CPU.ActiveCfg = Release|Any CPU
		{2E909A03-1049-4ED8-9B8B-6DC16E98A99B}.Release|Any CPU.Build.0 = Release|Any CPU
	EndGlobalSection
	GlobalSection(SolutionProperties) = preSolution
		HideSolutionNode = FALSE
	EndGlobalSection
	GlobalSection(ExtensibilityGlobals) = postSolution
		SolutionGuid = {DDA405FC-7983-4BDD-AB12-6A8C3251795B}
	EndGlobalSection
EndGlobal
